{
  "name": "youtube-downloader-web",
  "version": "1.2.0",
  "lockfileVersion": 3,
  "requires": true,
  "packages": {
    "": {
      "name": "youtube-downloader-web",
      "version": "1.2.0",
      "license": "ISC",
      "dependencies": {
        "@distube/ytdl-core": "latest"
      },
      "devDependencies": {
        "vitepress": "^1.6.4",
        "vue": "^3.5.39"
      }
    }
  }
}
